
Microsoft Visual Studio Solution File, Format Version 12.00
# Visual Studio Version 16
VisualStudioVersion = 16.0.31112.23
MinimumVisualStudioVersion = 10.0.40219.1
Project("{FAE04EC0-301F-11D3-BF4B-00C04F79EFBC}") = "team1mvcapp", "team1mvcapp\team1mvcapp.csproj", "{99E64932-B329-4F70-8650-FB416E732582}"
EndProject
Global
	GlobalSection(SolutionConfigurationPlatforms) = preSolution
		Debug|Any CPU = Debug|Any CPU
		Release|Any CPU = Release|Any CPU
	EndGlobalSection
	GlobalSection(ProjectConfigurationPlatforms) = postSolution
		{99E64932-B329-4F70-8650-FB416E732582}.Debug|Any CPU.ActiveCfg = Debug|Any CPU
		{99E64932-B329-4F70-8650-FB416E732582}.Debug|Any CPU.Build.0 = Debug|Any CPU
		{99E64932-B329-4F70-8650-FB416E732582}.Release|Any CPU.ActiveCfg = Release|Any CPU
		{99E64932-B329-4F70-8650-FB416E732582}.Release|Any CPU.Build.0 = Release|Any CPU
	EndGlobalSection
	GlobalSection(SolutionProperties) = preSolution
		HideSolutionNode = FALSE
	EndGlobalSection
	GlobalSection(ExtensibilityGlobals) = postSolution
		SolutionGuid = {472EAF72-DEDF-4E62-94F1-B2394658D8EE}
	EndGlobalSection
EndGlobal
